
Microsoft Visual Studio Solution File, Format Version 12.00
# Visual Studio Version 17
VisualStudioVersion = 17.8.34316.72
MinimumVisualStudioVersion = 10.0.40219.1
Project("{9A19103F-16F7-4668-BE54-9A1E7A4F7556}") = "TrivialWinForms", "TrivialWinForms\TrivialWinForms.csproj", "{06200051-FE32-4543-AE8F-A116D4610A68}"
EndProject
Global
	GlobalSection(SolutionConfigurationPlatforms) = preSolution
		Debug|Any CPU = Debug|Any CPU
		Release|Any CPU = Release|Any CPU
	EndGlobalSection
	GlobalSection(ProjectConfigurationPlatforms) = postSolution
		{06200051-FE32-4543-AE8F-A116D4610A68}.Debug|Any CPU.ActiveCfg = Debug|Any CPU
		{06200051-FE32-4543-AE8F-A116D4610A68}.Debug|Any CPU.Build.0 = Debug|Any CPU
		{06200051-FE32-4543-AE8F-A116D4610A68}.Release|Any CPU.ActiveCfg = Release|Any CPU
		{06200051-FE32-4543-AE8F-A116D4610A68}.Release|Any CPU.Build.0 = Release|Any CPU
	EndGlobalSection
	GlobalSection(SolutionProperties) = preSolution
		HideSolutionNode = FALSE
	EndGlobalSection
	GlobalSection(ExtensibilityGlobals) = postSolution
		SolutionGuid = {0A069BE0-6D5B-4EC0-976B-465CC2E55138}
	EndGlobalSection
EndGlobal
